
Microsoft Visual Studio Solution File, Format Version 12.00
# Visual Studio Version 17
VisualStudioVersion = 17.7.34031.279
MinimumVisualStudioVersion = 10.0.40219.1
Project("{FAE04EC0-301F-11D3-BF4B-00C04F79EFBC}") = "ConsoleApp1", "ConsoleApp1\ConsoleApp1.csproj", "{F01D657B-CF0A-4D77-A5DF-3AF7EA2402AF}"
EndProject
Global
	GlobalSection(SolutionConfigurationPlatforms) = preSolution
		Debug|Any CPU = Debug|Any CPU
		Release|Any CPU = Release|Any CPU
	EndGlobalSection
	GlobalSection(ProjectConfigurationPlatforms) = postSolution
		{F01D657B-CF0A-4D77-A5DF-3AF7EA2402AF}.Debug|Any CPU.ActiveCfg = Debug|Any CPU
		{F01D657B-CF0A-4D77-A5DF-3AF7EA2402AF}.Debug|Any CPU.Build.0 = Debug|Any CPU
		{F01D657B-CF0A-4D77-A5DF-3AF7EA2402AF}.Release|Any CPU.ActiveCfg = Release|Any CPU
		{F01D657B-CF0A-4D77-A5DF-3AF7EA2402AF}.Release|Any CPU.Build.0 = Release|Any CPU
	EndGlobalSection
	GlobalSection(SolutionProperties) = preSolution
		HideSolutionNode = FALSE
	EndGlobalSection
	GlobalSection(ExtensibilityGlobals) = postSolution
		SolutionGuid = {EB950D68-5495-4479-81DA-4EE2777FDAD5}
	EndGlobalSection
EndGlobal
